
Microsoft Visual Studio Solution File, Format Version 12.00
# Visual Studio Version 16
VisualStudioVersion = 16.0.30011.22
MinimumVisualStudioVersion = 10.0.40219.1
Project("{FAE04EC0-301F-11D3-BF4B-00C04F79EFBC}") = "L01.GreetingbyName", "L01.GreetingbyName\L01.GreetingbyName.csproj", "{ADACDE48-7FAA-45CC-B996-DA41C0F7C43A}"
EndProject
Project("{FAE04EC0-301F-11D3-BF4B-00C04F79EFBC}") = "L02.ConcatenateData", "L02.ConcatenateData\L02.ConcatenateData.csproj", "{C86FFEAC-0BBB-4E82-B0B6-7B76C4C5E96B}"
EndProject
Project("{FAE04EC0-301F-11D3-BF4B-00C04F79EFBC}") = "L03.SquareArea", "L03.SquareArea\L03.SquareArea.csproj", "{0FDB565C-A2DC-45C8-8B46-3DC2FC165EE1}"
EndProject
Project("{FAE04EC0-301F-11D3-BF4B-00C04F79EFBC}") = "L04.InchestoCentimeters", "L04.InchestoCentimeters\L04.InchestoCentimeters.csproj", "{8BAD324A-E3EE-447B-A202-4A2CC144225D}"
EndProject
Project("{FAE04EC0-301F-11D3-BF4B-00C04F79EFBC}") = "L05.ProjectsCreation", "L05.ProjectsCreation\L05.ProjectsCreation.csproj", "{3290D2D4-6EDD-44ED-8D8C-DD4C4E6E8F65}"
EndProject
Project("{FAE04EC0-301F-11D3-BF4B-00C04F79EFBC}") = "L06.PetShop", "L06.PetShop\L06.PetShop.csproj", "{1B47D1C4-5FB3-45C1-A1A4-09E488C8F8B2}"
EndProject
Project("{FAE04EC0-301F-11D3-BF4B-00C04F79EFBC}") = "L07.YardGreening", "L07.YardGreening\L07.YardGreening.csproj", "{16541069-8804-457D-9A59-E3959DC0791F}"
EndProject
Project("{FAE04EC0-301F-11D3-BF4B-00C04F79EFBC}") = "L08.FishTank", "L08.FishTank\L08.FishTank.csproj", "{09C49AEC-7ADC-4EA9-98BE-5DF3DEBB6082}"
EndProject
Global
	GlobalSection(SolutionConfigurationPlatforms) = preSolution
		Debug|Any CPU = Debug|Any CPU
		Release|Any CPU = Release|Any CPU
	EndGlobalSection
	GlobalSection(ProjectConfigurationPlatforms) = postSolution
		{ADACDE48-7FAA-45CC-B996-DA41C0F7C43A}.Debug|Any CPU.ActiveCfg = Debug|Any CPU
		{ADACDE48-7FAA-45CC-B996-DA41C0F7C43A}.Debug|Any CPU.Build.0 = Debug|Any CPU
		{ADACDE48-7FAA-45CC-B996-DA41C0F7C43A}.Release|Any CPU.ActiveCfg = Release|Any CPU
		{ADACDE48-7FAA-45CC-B996-DA41C0F7C43A}.Release|Any CPU.Build.0 = Release|Any CPU
		{C86FFEAC-0BBB-4E82-B0B6-7B76C4C5E96B}.Debug|Any CPU.ActiveCfg = Debug|Any CPU
		{C86FFEAC-0BBB-4E82-B0B6-7B76C4C5E96B}.Debug|Any CPU.Build.0 = Debug|Any CPU
		{C86FFEAC-0BBB-4E82-B0B6-7B76C4C5E96B}.Release|Any CPU.ActiveCfg = Release|Any CPU
		{C86FFEAC-0BBB-4E82-B0B6-7B76C4C5E96B}.Release|Any CPU.Build.0 = Release|Any CPU
		{0FDB565C-A2DC-45C8-8B46-3DC2FC165EE1}.Debug|Any CPU.ActiveCfg = Debug|Any CPU
		{0FDB565C-A2DC-45C8-8B46-3DC2FC165EE1}.Debug|Any CPU.Build.0 = Debug|Any CPU
		{0FDB565C-A2DC-45C8-8B46-3DC2FC165EE1}.Release|Any CPU.ActiveCfg = Release|Any CPU
		{0FDB565C-A2DC-45C8-8B46-3DC2FC165EE1}.Release|Any CPU.Build.0 = Release|Any CPU
		{8BAD324A-E3EE-447B-A202-4A2CC144225D}.Debug|Any CPU.ActiveCfg = Debug|Any CPU
		{8BAD324A-E3EE-447B-A202-4A2CC144225D}.Debug|Any CPU.Build.0 = Debug|Any CPU
		{8BAD324A-E3EE-447B-A202-4A2CC144225D}.Release|Any CPU.ActiveCfg = Release|Any CPU
		{8BAD324A-E3EE-447B-A202-4A2CC144225D}.Release|Any CPU.Build.0 = Release|Any CPU
		{3290D2D4-6EDD-44ED-8D8C-DD4C4E6E8F65}.Debug|Any CPU.ActiveCfg = Debug|Any CPU
		{3290D2D4-6EDD-44ED-8D8C-DD4C4E6E8F65}.Debug|Any CPU.Build.0 = Debug|Any CPU
		{3290D2D4-6EDD-44ED-8D8C-DD4C4E6E8F65}.Release|Any CPU.ActiveCfg = Release|Any CPU
		{3290D2D4-6EDD-44ED-8D8C-DD4C4E6E8F65}.Release|Any CPU.Build.0 = Release|Any CPU
		{1B47D1C4-5FB3-45C1-A1A4-09E488C8F8B2}.Debug|Any CPU.ActiveCfg = Debug|Any CPU
		{1B47D1C4-5FB3-45C1-A1A4-09E488C8F8B2}.Debug|Any CPU.Build.0 = Debug|Any CPU
		{1B47D1C4-5FB3-45C1-A1A4-09E488C8F8B2}.Release|Any CPU.ActiveCfg = Release|Any CPU
		{1B47D1C4-5FB3-45C1-A1A4-09E488C8F8B2}.Release|Any CPU.Build.0 = Release|Any CPU
		{16541069-8804-457D-9A59-E3959DC0791F}.Debug|Any CPU.ActiveCfg = Debug|Any CPU
		{16541069-8804-457D-9A59-E3959DC0791F}.Debug|Any CPU.Build.0 = Debug|Any CPU
		{16541069-8804-457D-9A59-E3959DC0791F}.Release|Any CPU.ActiveCfg = Release|Any CPU
		{16541069-8804-457D-9A59-E3959DC0791F}.Release|Any CPU.Build.0 = Release|Any CPU
		{09C49AEC-7ADC-4EA9-98BE-5DF3DEBB6082}.Debug|Any CPU.ActiveCfg = Debug|Any CPU
		{09C49AEC-7ADC-4EA9-98BE-5DF3DEBB6082}.Debug|Any CPU.Build.0 = Debug|Any CPU
		{09C49AEC-7ADC-4EA9-98BE-5DF3DEBB6082}.Release|Any CPU.ActiveCfg = Release|Any CPU
		{09C49AEC-7ADC-4EA9-98BE-5DF3DEBB6082}.Release|Any CPU.Build.0 = Release|Any CPU
	EndGlobalSection
	GlobalSection(SolutionProperties) = preSolution
		HideSolutionNode = FALSE
	EndGlobalSection
	GlobalSection(ExtensibilityGlobals) = postSolution
		SolutionGuid = {07B5F442-02F5-4191-B272-2760708398B3}
	EndGlobalSection
EndGlobal
